
Microsoft Visual Studio Solution File, Format Version 12.00
# Visual Studio Version 16
VisualStudioVersion = 16.0.30413.136
MinimumVisualStudioVersion = 10.0.40219.1
Project("{FAE04EC0-301F-11D3-BF4B-00C04F79EFBC}") = "ind1", "ind1\ind1.csproj", "{129870EC-47C1-4628-9EED-57B1DBA775E7}"
EndProject
Global
	GlobalSection(SolutionConfigurationPlatforms) = preSolution
		Debug|Any CPU = Debug|Any CPU
		Release|Any CPU = Release|Any CPU
	EndGlobalSection
	GlobalSection(ProjectConfigurationPlatforms) = postSolution
		{129870EC-47C1-4628-9EED-57B1DBA775E7}.Debug|Any CPU.ActiveCfg = Debug|Any CPU
		{129870EC-47C1-4628-9EED-57B1DBA775E7}.Debug|Any CPU.Build.0 = Debug|Any CPU
		{129870EC-47C1-4628-9EED-57B1DBA775E7}.Release|Any CPU.ActiveCfg = Release|Any CPU
		{129870EC-47C1-4628-9EED-57B1DBA775E7}.Release|Any CPU.Build.0 = Release|Any CPU
	EndGlobalSection
	GlobalSection(SolutionProperties) = preSolution
		HideSolutionNode = FALSE
	EndGlobalSection
	GlobalSection(ExtensibilityGlobals) = postSolution
		SolutionGuid = {98CCA190-FB8B-48E1-A971-3DBFB9357CED}
	EndGlobalSection
EndGlobal
